
Microsoft Visual Studio Solution File, Format Version 12.00
# Visual Studio Version 16
Project("{2150E333-8FDC-42A3-9474-1A3956D46DE8}") = "CMakePredefinedTargets", "CMakePredefinedTargets", "{536F070F-B2D5-3179-9F97-C953164EDB7B}"
EndProject
Project("{2150E333-8FDC-42A3-9474-1A3956D46DE8}") = "Test Suites", "CMakePredefinedTargets\Test Suites", "{9837DF52-8CAE-3BAE-997D-32025893687C}"
EndProject
Project("{2150E333-8FDC-42A3-9474-1A3956D46DE8}") = "Gem", "Gem", "{EA8621C6-F6CC-33F1-89DD-E76660B665C5}"
EndProject
Project("{2150E333-8FDC-42A3-9474-1A3956D46DE8}") = "O3DE_SDK", "O3DE_SDK", "{0DEFEBDD-BF35-30A1-A668-767C86D26609}"
EndProject
Project("{2150E333-8FDC-42A3-9474-1A3956D46DE8}") = "Robotron_2084_O3DE", "Robotron_2084_O3DE", "{057BC369-6480-36D1-8B7B-67B1DB8B0A37}"
EndProject
Project("{8BC9CEB8-8B4A-11D0-8D11-00A0C91BC942}") = "ALL_BUILD", "ALL_BUILD.vcxproj", "{3BBDA560-882C-370F-988F-C97205212F5C}"
	ProjectSection(ProjectDependencies) = postProject
		{191B67EC-0B4A-396B-B3FC-829E2AF4452C} = {191B67EC-0B4A-396B-B3FC-829E2AF4452C}
		{0D2E2245-DD52-3B9A-B642-E2131CEF6A2B} = {0D2E2245-DD52-3B9A-B642-E2131CEF6A2B}
		{82E32E89-2A74-3BDC-86E7-378CC0F14899} = {82E32E89-2A74-3BDC-86E7-378CC0F14899}
		{CBEB5C37-47FC-3573-BB3B-452E1E6EBF6A} = {CBEB5C37-47FC-3573-BB3B-452E1E6EBF6A}
		{3376F032-F127-38BA-827C-E4BA6BE09525} = {3376F032-F127-38BA-827C-E4BA6BE09525}
	EndProjectSection
EndProject
Project("{8BC9CEB8-8B4A-11D0-8D11-00A0C91BC942}") = "Editor", "o3de\Code\Editor\Editor.vcxproj", "{27270470-23E3-373B-A0A0-8040C1D26668}"
	ProjectSection(ProjectDependencies) = postProject
		{191B67EC-0B4A-396B-B3FC-829E2AF4452C} = {191B67EC-0B4A-396B-B3FC-829E2AF4452C}
		{3376F032-F127-38BA-827C-E4BA6BE09525} = {3376F032-F127-38BA-827C-E4BA6BE09525}
	EndProjectSection
EndProject
Project("{8BC9CEB8-8B4A-11D0-8D11-00A0C91BC942}") = "INSTALL", "INSTALL.vcxproj", "{252CB065-BB6E-3E3A-B984-29A237D2723D}"
	ProjectSection(ProjectDependencies) = postProject
		{3BBDA560-882C-370F-988F-C97205212F5C} = {3BBDA560-882C-370F-988F-C97205212F5C}
		{3376F032-F127-38BA-827C-E4BA6BE09525} = {3376F032-F127-38BA-827C-E4BA6BE09525}
	EndProjectSection
EndProject
Project("{8BC9CEB8-8B4A-11D0-8D11-00A0C91BC942}") = "Robotron_2084_O3DE", "External\Gem-c55f9494\Robotron_2084_O3DE.vcxproj", "{191B67EC-0B4A-396B-B3FC-829E2AF4452C}"
	ProjectSection(ProjectDependencies) = postProject
		{CBEB5C37-47FC-3573-BB3B-452E1E6EBF6A} = {CBEB5C37-47FC-3573-BB3B-452E1E6EBF6A}
		{3376F032-F127-38BA-827C-E4BA6BE09525} = {3376F032-F127-38BA-827C-E4BA6BE09525}
	EndProjectSection
EndProject
Project("{8BC9CEB8-8B4A-11D0-8D11-00A0C91BC942}") = "Robotron_2084_O3DE.Assets", "o3de\Robotron_2084_O3DE.Assets.vcxproj", "{7E4F0D5A-96CF-3A44-8AFE-708216AE050A}"
	ProjectSection(ProjectDependencies) = postProject
		{191B67EC-0B4A-396B-B3FC-829E2AF4452C} = {191B67EC-0B4A-396B-B3FC-829E2AF4452C}
		{3376F032-F127-38BA-827C-E4BA6BE09525} = {3376F032-F127-38BA-827C-E4BA6BE09525}
	EndProjectSection
EndProject
Project("{8BC9CEB8-8B4A-11D0-8D11-00A0C91BC942}") = "Robotron_2084_O3DE.GameLauncher", "o3de\Robotron_2084_O3DE.GameLauncher.vcxproj", "{0D2E2245-DD52-3B9A-B642-E2131CEF6A2B}"
	ProjectSection(ProjectDependencies) = postProject
		{191B67EC-0B4A-396B-B3FC-829E2AF4452C} = {191B67EC-0B4A-396B-B3FC-829E2AF4452C}
		{3376F032-F127-38BA-827C-E4BA6BE09525} = {3376F032-F127-38BA-827C-E4BA6BE09525}
	EndProjectSection
EndProject
Project("{8BC9CEB8-8B4A-11D0-8D11-00A0C91BC942}") = "Robotron_2084_O3DE.ServerLauncher", "o3de\Robotron_2084_O3DE.ServerLauncher.vcxproj", "{82E32E89-2A74-3BDC-86E7-378CC0F14899}"
	ProjectSection(ProjectDependencies) = postProject
		{191B67EC-0B4A-396B-B3FC-829E2AF4452C} = {191B67EC-0B4A-396B-B3FC-829E2AF4452C}
		{3376F032-F127-38BA-827C-E4BA6BE09525} = {3376F032-F127-38BA-827C-E4BA6BE09525}
	EndProjectSection
EndProject
Project("{8BC9CEB8-8B4A-11D0-8D11-00A0C91BC942}") = "Robotron_2084_O3DE.Static", "External\Gem-c55f9494\Robotron_2084_O3DE.Static.vcxproj", "{CBEB5C37-47FC-3573-BB3B-452E1E6EBF6A}"
	ProjectSection(ProjectDependencies) = postProject
		{3376F032-F127-38BA-827C-E4BA6BE09525} = {3376F032-F127-38BA-827C-E4BA6BE09525}
	EndProjectSection
EndProject
Project("{8BC9CEB8-8B4A-11D0-8D11-00A0C91BC942}") = "TEST_SUITE_awsi", "o3de\TEST_SUITE_awsi.vcxproj", "{99276308-3777-364B-AE2D-E687C7E066C7}"
	ProjectSection(ProjectDependencies) = postProject
		{3376F032-F127-38BA-827C-E4BA6BE09525} = {3376F032-F127-38BA-827C-E4BA6BE09525}
	EndProjectSection
EndProject
Project("{8BC9CEB8-8B4A-11D0-8D11-00A0C91BC942}") = "TEST_SUITE_benchmark", "o3de\TEST_SUITE_benchmark.vcxproj", "{DAED4566-D3B0-33A2-B62C-DAF591546F51}"
	ProjectSection(ProjectDependencies) = postProject
		{3376F032-F127-38BA-827C-E4BA6BE09525} = {3376F032-F127-38BA-827C-E4BA6BE09525}
	EndProjectSection
EndProject
Project("{8BC9CEB8-8B4A-11D0-8D11-00A0C91BC942}") = "TEST_SUITE_main", "o3de\TEST_SUITE_main.vcxproj", "{1E7A11C1-F0BC-3626-8172-5C4BF66BD6B9}"
	ProjectSection(ProjectDependencies) = postProject
		{3376F032-F127-38BA-827C-E4BA6BE09525} = {3376F032-F127-38BA-827C-E4BA6BE09525}
	EndProjectSection
EndProject
Project("{8BC9CEB8-8B4A-11D0-8D11-00A0C91BC942}") = "TEST_SUITE_periodic", "o3de\TEST_SUITE_periodic.vcxproj", "{A3848F26-08A0-3CB1-9677-4FC50443E11D}"
	ProjectSection(ProjectDependencies) = postProject
		{3376F032-F127-38BA-827C-E4BA6BE09525} = {3376F032-F127-38BA-827C-E4BA6BE09525}
	EndProjectSection
EndProject
Project("{8BC9CEB8-8B4A-11D0-8D11-00A0C91BC942}") = "TEST_SUITE_sandbox", "o3de\TEST_SUITE_sandbox.vcxproj", "{9FA024BB-EC1C-3D38-B607-7B3B16609161}"
	ProjectSection(ProjectDependencies) = postProject
		{3376F032-F127-38BA-827C-E4BA6BE09525} = {3376F032-F127-38BA-827C-E4BA6BE09525}
	EndProjectSection
EndProject
Project("{8BC9CEB8-8B4A-11D0-8D11-00A0C91BC942}") = "TEST_SUITE_smoke", "o3de\TEST_SUITE_smoke.vcxproj", "{0DCF9CCA-E742-39C3-BBD4-DAC6FC355D7A}"
	ProjectSection(ProjectDependencies) = postProject
		{3376F032-F127-38BA-827C-E4BA6BE09525} = {3376F032-F127-38BA-827C-E4BA6BE09525}
	EndProjectSection
EndProject
Project("{8BC9CEB8-8B4A-11D0-8D11-00A0C91BC942}") = "ZERO_CHECK", "ZERO_CHECK.vcxproj", "{3376F032-F127-38BA-827C-E4BA6BE09525}"
	ProjectSection(ProjectDependencies) = postProject
	EndProjectSection
EndProject
Global
	GlobalSection(SolutionConfigurationPlatforms) = preSolution
		profile|x64 = profile|x64
	EndGlobalSection
	GlobalSection(ProjectConfigurationPlatforms) = postSolution
		{3BBDA560-882C-370F-988F-C97205212F5C}.profile|x64.ActiveCfg = profile|x64
		{3BBDA560-882C-370F-988F-C97205212F5C}.profile|x64.Build.0 = profile|x64
		{27270470-23E3-373B-A0A0-8040C1D26668}.profile|x64.ActiveCfg = profile|x64
		{252CB065-BB6E-3E3A-B984-29A237D2723D}.profile|x64.ActiveCfg = profile|x64
		{191B67EC-0B4A-396B-B3FC-829E2AF4452C}.profile|x64.ActiveCfg = profile|x64
		{191B67EC-0B4A-396B-B3FC-829E2AF4452C}.profile|x64.Build.0 = profile|x64
		{7E4F0D5A-96CF-3A44-8AFE-708216AE050A}.profile|x64.ActiveCfg = profile|x64
		{0D2E2245-DD52-3B9A-B642-E2131CEF6A2B}.profile|x64.ActiveCfg = profile|x64
		{0D2E2245-DD52-3B9A-B642-E2131CEF6A2B}.profile|x64.Build.0 = profile|x64
		{82E32E89-2A74-3BDC-86E7-378CC0F14899}.profile|x64.ActiveCfg = profile|x64
		{82E32E89-2A74-3BDC-86E7-378CC0F14899}.profile|x64.Build.0 = profile|x64
		{CBEB5C37-47FC-3573-BB3B-452E1E6EBF6A}.profile|x64.ActiveCfg = profile|x64
		{CBEB5C37-47FC-3573-BB3B-452E1E6EBF6A}.profile|x64.Build.0 = profile|x64
		{99276308-3777-364B-AE2D-E687C7E066C7}.profile|x64.ActiveCfg = profile|x64
		{DAED4566-D3B0-33A2-B62C-DAF591546F51}.profile|x64.ActiveCfg = profile|x64
		{1E7A11C1-F0BC-3626-8172-5C4BF66BD6B9}.profile|x64.ActiveCfg = profile|x64
		{A3848F26-08A0-3CB1-9677-4FC50443E11D}.profile|x64.ActiveCfg = profile|x64
		{9FA024BB-EC1C-3D38-B607-7B3B16609161}.profile|x64.ActiveCfg = profile|x64
		{0DCF9CCA-E742-39C3-BBD4-DAC6FC355D7A}.profile|x64.ActiveCfg = profile|x64
		{3376F032-F127-38BA-827C-E4BA6BE09525}.profile|x64.ActiveCfg = profile|x64
		{3376F032-F127-38BA-827C-E4BA6BE09525}.profile|x64.Build.0 = profile|x64
	EndGlobalSection
	GlobalSection(NestedProjects) = preSolution
		{3BBDA560-882C-370F-988F-C97205212F5C} = {536F070F-B2D5-3179-9F97-C953164EDB7B}
		{9837DF52-8CAE-3BAE-997D-32025893687C} = {536F070F-B2D5-3179-9F97-C953164EDB7B}
		{252CB065-BB6E-3E3A-B984-29A237D2723D} = {536F070F-B2D5-3179-9F97-C953164EDB7B}
		{3376F032-F127-38BA-827C-E4BA6BE09525} = {536F070F-B2D5-3179-9F97-C953164EDB7B}
		{99276308-3777-364B-AE2D-E687C7E066C7} = {9837DF52-8CAE-3BAE-997D-32025893687C}
		{DAED4566-D3B0-33A2-B62C-DAF591546F51} = {9837DF52-8CAE-3BAE-997D-32025893687C}
		{1E7A11C1-F0BC-3626-8172-5C4BF66BD6B9} = {9837DF52-8CAE-3BAE-997D-32025893687C}
		{A3848F26-08A0-3CB1-9677-4FC50443E11D} = {9837DF52-8CAE-3BAE-997D-32025893687C}
		{9FA024BB-EC1C-3D38-B607-7B3B16609161} = {9837DF52-8CAE-3BAE-997D-32025893687C}
		{0DCF9CCA-E742-39C3-BBD4-DAC6FC355D7A} = {9837DF52-8CAE-3BAE-997D-32025893687C}
		{191B67EC-0B4A-396B-B3FC-829E2AF4452C} = {EA8621C6-F6CC-33F1-89DD-E76660B665C5}
		{CBEB5C37-47FC-3573-BB3B-452E1E6EBF6A} = {EA8621C6-F6CC-33F1-89DD-E76660B665C5}
		{27270470-23E3-373B-A0A0-8040C1D26668} = {0DEFEBDD-BF35-30A1-A668-767C86D26609}
		{7E4F0D5A-96CF-3A44-8AFE-708216AE050A} = {057BC369-6480-36D1-8B7B-67B1DB8B0A37}
		{0D2E2245-DD52-3B9A-B642-E2131CEF6A2B} = {057BC369-6480-36D1-8B7B-67B1DB8B0A37}
		{82E32E89-2A74-3BDC-86E7-378CC0F14899} = {057BC369-6480-36D1-8B7B-67B1DB8B0A37}
	EndGlobalSection
	GlobalSection(ExtensibilityGlobals) = postSolution
		SolutionGuid = {3E6882AB-405B-325B-9AF0-46B15F26EA9B}
	EndGlobalSection
	GlobalSection(ExtensibilityAddIns) = postSolution
	EndGlobalSection
EndGlobal
