<?xml version="1.0" encoding="utf-8"?>
<Project ToolsVersion="16.0" xmlns="http://schemas.microsoft.com/developer/msbuild/2003">
  <ItemGroup>
    <CustomBuild Include="C:\Users\kcmos\O3DE\Projects\Robotron_2084_O3DE\build\windows\CMakeFiles\4d8a8cb255e313a48ce91870d9deccc5\INSTALL_force.rule">
      <Filter>Generated Files</Filter>
    </CustomBuild>
  </ItemGroup>
  <ItemGroup>
    <Filter Include="Generated Files">
      <UniqueIdentifier>{3B54A233-F6FE-3659-A4ED-76797BF20B7A}</UniqueIdentifier>
    </Filter>
  </ItemGroup>
</Project>
